
Microsoft Visual Studio Solution File, Format Version 12.00
# Visual Studio Version 17
VisualStudioVersion = 17.3.32929.385
MinimumVisualStudioVersion = 10.0.40219.1
Project("{FAE04EC0-301F-11D3-BF4B-00C04F79EFBC}") = "WindowsFormsApp5", "WindowsFormsApp5\WindowsFormsApp5.csproj", "{C0272D9F-07D4-491D-B0CF-45BB88958A59}"
EndProject
Global
	GlobalSection(SolutionConfigurationPlatforms) = preSolution
		Debug|Any CPU = Debug|Any CPU
		Release|Any CPU = Release|Any CPU
	EndGlobalSection
	GlobalSection(ProjectConfigurationPlatforms) = postSolution
		{C0272D9F-07D4-491D-B0CF-45BB88958A59}.Debug|Any CPU.ActiveCfg = Debug|Any CPU
		{C0272D9F-07D4-491D-B0CF-45BB88958A59}.Debug|Any CPU.Build.0 = Debug|Any CPU
		{C0272D9F-07D4-491D-B0CF-45BB88958A59}.Release|Any CPU.ActiveCfg = Release|Any CPU
		{C0272D9F-07D4-491D-B0CF-45BB88958A59}.Release|Any CPU.Build.0 = Release|Any CPU
	EndGlobalSection
	GlobalSection(SolutionProperties) = preSolution
		HideSolutionNode = FALSE
	EndGlobalSection
	GlobalSection(ExtensibilityGlobals) = postSolution
		SolutionGuid = {9B491BD8-762E-4339-BAA8-522EF8B50C1F}
	EndGlobalSection
EndGlobal
